
Microsoft Visual Studio Solution File, Format Version 12.00
# Visual Studio Version 17
VisualStudioVersion = 17.4.33110.190
MinimumVisualStudioVersion = 10.0.40219.1
Project("{FAE04EC0-301F-11D3-BF4B-00C04F79EFBC}") = "W1D1T1", "Task1\W1D1T1.csproj", "{84981ED9-7081-40AB-B43D-9F7E9D65A643}"
EndProject
Project("{2150E333-8FDC-42A3-9474-1A3956D46DE8}") = "Day1", "Day1", "{595B9EF3-A817-462B-A0A1-56C641ACDBD4}"
EndProject
Project("{FAE04EC0-301F-11D3-BF4B-00C04F79EFBC}") = "W1D1T2", "Task2\W1D1T2.csproj", "{7DF4D0F8-C361-4E06-A228-74075B93AD47}"
EndProject
Project("{FAE04EC0-301F-11D3-BF4B-00C04F79EFBC}") = "W1D1T3", "Task3\W1D1T3.csproj", "{05268D44-350B-4592-833A-973C1C2386F9}"
EndProject
Project("{FAE04EC0-301F-11D3-BF4B-00C04F79EFBC}") = "W1D1T4", "Task4\W1D1T4.csproj", "{7CABE07E-DC65-4C36-8FE4-13538FF4AB98}"
EndProject
Project("{2150E333-8FDC-42A3-9474-1A3956D46DE8}") = "Day2", "Day2", "{6FA9E4D4-22B5-4187-AF3E-4393CB4A0D80}"
EndProject
Project("{FAE04EC0-301F-11D3-BF4B-00C04F79EFBC}") = "W1D2T1", "D2Task1\W1D2T1.csproj", "{EC8CD34A-79E1-4B21-9927-24E724C967B1}"
EndProject
Project("{FAE04EC0-301F-11D3-BF4B-00C04F79EFBC}") = "W1D2T2", "W1D2T2\W1D2T2.csproj", "{9975DB1E-5ECA-4FF5-8295-BB7742D095F5}"
EndProject
Project("{FAE04EC0-301F-11D3-BF4B-00C04F79EFBC}") = "W1D2T3", "W1D2T3\W1D2T3.csproj", "{1A363826-FC89-4E7D-82FF-1ECC2FD9AD05}"
EndProject
Project("{FAE04EC0-301F-11D3-BF4B-00C04F79EFBC}") = "W1D2T4", "W1D2T4\W1D2T4.csproj", "{600406AE-1762-4384-8492-B8502C1FBDE8}"
EndProject
Project("{FAE04EC0-301F-11D3-BF4B-00C04F79EFBC}") = "W1D2T5", "W1D2T5\W1D2T5.csproj", "{53D50BCD-4EC3-45AA-A21A-01504A0561C1}"
EndProject
Project("{FAE04EC0-301F-11D3-BF4B-00C04F79EFBC}") = "W1D2T6", "W1D2T6\W1D2T6.csproj", "{78EA6389-406D-4117-8C18-50BB21837AEA}"
EndProject
Project("{FAE04EC0-301F-11D3-BF4B-00C04F79EFBC}") = "W1D2T7", "W1D2T7\W1D2T7.csproj", "{E4081440-5FEE-4322-BA25-B35E9DD6EFC6}"
EndProject
Project("{FAE04EC0-301F-11D3-BF4B-00C04F79EFBC}") = "W1D2T8", "W1D2T8\W1D2T8.csproj", "{95B44DEB-965D-4FB2-A730-5C1AE2D90E3A}"
EndProject
Project("{FAE04EC0-301F-11D3-BF4B-00C04F79EFBC}") = "W1D2T9", "W1D2T9\W1D2T9.csproj", "{D4545D06-00A3-4044-B0DA-4A29B0683EDE}"
EndProject
Project("{2150E333-8FDC-42A3-9474-1A3956D46DE8}") = "Day3", "Day3", "{87CE323B-E7FB-496C-9209-53DE3BE44561}"
EndProject
Project("{2150E333-8FDC-42A3-9474-1A3956D46DE8}") = "1-2-Lab Questions", "1-2-Lab Questions", "{1D7D00BE-7512-42A5-B97E-2EBD7E954074}"
EndProject
Project("{2150E333-8FDC-42A3-9474-1A3956D46DE8}") = "1-4-Lab Questions", "1-4-Lab Questions", "{90EA2845-70C2-446F-B2DB-87480E228F8B}"
EndProject
Project("{2150E333-8FDC-42A3-9474-1A3956D46DE8}") = "2-3-Lab Questions", "2-3-Lab Questions", "{23C733B1-D4A8-4E94-BFD5-A5353D45F53B}"
EndProject
Project("{2150E333-8FDC-42A3-9474-1A3956D46DE8}") = "2-5-Lab Questions", "2-5-Lab Questions", "{D9D22843-36C0-41D4-BAC9-E54D4B3313BC}"
EndProject
Project("{2150E333-8FDC-42A3-9474-1A3956D46DE8}") = "3-2-Lab Questions", "3-2-Lab Questions", "{1105E068-5F2E-4B37-92BF-4EFA6341BE88}"
EndProject
Project("{FAE04EC0-301F-11D3-BF4B-00C04F79EFBC}") = "W1D3T1", "W1D3T1\W1D3T1.csproj", "{6E235595-5755-4AAC-8CD5-9CFA77F5B864}"
EndProject
Project("{FAE04EC0-301F-11D3-BF4B-00C04F79EFBC}") = "W1D3T2", "W1D3T2\W1D3T2.csproj", "{3EACD3E0-4F57-4686-820D-509986A79A36}"
EndProject
Project("{FAE04EC0-301F-11D3-BF4B-00C04F79EFBC}") = "W1D3T3", "W1D3T3\W1D3T3.csproj", "{A6311496-C3FC-4302-A17E-E79588B761C5}"
EndProject
Project("{FAE04EC0-301F-11D3-BF4B-00C04F79EFBC}") = "W1D3T4", "WID3T4\W1D3T4.csproj", "{D2F2CCF7-1DF8-4103-A865-C66EBA7D9BDE}"
EndProject
Project("{FAE04EC0-301F-11D3-BF4B-00C04F79EFBC}") = "W1D3T5", "W1D3T5\W1D3T5.csproj", "{C3D17876-7734-4564-9E7F-6445EFBB9F84}"
EndProject
Global
	GlobalSection(SolutionConfigurationPlatforms) = preSolution
		Debug|Any CPU = Debug|Any CPU
		Release|Any CPU = Release|Any CPU
	EndGlobalSection
	GlobalSection(ProjectConfigurationPlatforms) = postSolution
		{84981ED9-7081-40AB-B43D-9F7E9D65A643}.Debug|Any CPU.ActiveCfg = Debug|Any CPU
		{84981ED9-7081-40AB-B43D-9F7E9D65A643}.Debug|Any CPU.Build.0 = Debug|Any CPU
		{84981ED9-7081-40AB-B43D-9F7E9D65A643}.Release|Any CPU.ActiveCfg = Release|Any CPU
		{84981ED9-7081-40AB-B43D-9F7E9D65A643}.Release|Any CPU.Build.0 = Release|Any CPU
		{7DF4D0F8-C361-4E06-A228-74075B93AD47}.Debug|Any CPU.ActiveCfg = Debug|Any CPU
		{7DF4D0F8-C361-4E06-A228-74075B93AD47}.Debug|Any CPU.Build.0 = Debug|Any CPU
		{7DF4D0F8-C361-4E06-A228-74075B93AD47}.Release|Any CPU.ActiveCfg = Release|Any CPU
		{7DF4D0F8-C361-4E06-A228-74075B93AD47}.Release|Any CPU.Build.0 = Release|Any CPU
		{05268D44-350B-4592-833A-973C1C2386F9}.Debug|Any CPU.ActiveCfg = Debug|Any CPU
		{05268D44-350B-4592-833A-973C1C2386F9}.Debug|Any CPU.Build.0 = Debug|Any CPU
		{05268D44-350B-4592-833A-973C1C2386F9}.Release|Any CPU.ActiveCfg = Release|Any CPU
		{05268D44-350B-4592-833A-973C1C2386F9}.Release|Any CPU.Build.0 = Release|Any CPU
		{7CABE07E-DC65-4C36-8FE4-13538FF4AB98}.Debug|Any CPU.ActiveCfg = Debug|Any CPU
		{7CABE07E-DC65-4C36-8FE4-13538FF4AB98}.Debug|Any CPU.Build.0 = Debug|Any CPU
		{7CABE07E-DC65-4C36-8FE4-13538FF4AB98}.Release|Any CPU.ActiveCfg = Release|Any CPU
		{7CABE07E-DC65-4C36-8FE4-13538FF4AB98}.Release|Any CPU.Build.0 = Release|Any CPU
		{EC8CD34A-79E1-4B21-9927-24E724C967B1}.Debug|Any CPU.ActiveCfg = Debug|Any CPU
		{EC8CD34A-79E1-4B21-9927-24E724C967B1}.Debug|Any CPU.Build.0 = Debug|Any CPU
		{EC8CD34A-79E1-4B21-9927-24E724C967B1}.Release|Any CPU.ActiveCfg = Release|Any CPU
		{EC8CD34A-79E1-4B21-9927-24E724C967B1}.Release|Any CPU.Build.0 = Release|Any CPU
		{9975DB1E-5ECA-4FF5-8295-BB7742D095F5}.Debug|Any CPU.ActiveCfg = Debug|Any CPU
		{9975DB1E-5ECA-4FF5-8295-BB7742D095F5}.Debug|Any CPU.Build.0 = Debug|Any CPU
		{9975DB1E-5ECA-4FF5-8295-BB7742D095F5}.Release|Any CPU.ActiveCfg = Release|Any CPU
		{9975DB1E-5ECA-4FF5-8295-BB7742D095F5}.Release|Any CPU.Build.0 = Release|Any CPU
		{1A363826-FC89-4E7D-82FF-1ECC2FD9AD05}.Debug|Any CPU.ActiveCfg = Debug|Any CPU
		{1A363826-FC89-4E7D-82FF-1ECC2FD9AD05}.Debug|Any CPU.Build.0 = Debug|Any CPU
		{1A363826-FC89-4E7D-82FF-1ECC2FD9AD05}.Release|Any CPU.ActiveCfg = Release|Any CPU
		{1A363826-FC89-4E7D-82FF-1ECC2FD9AD05}.Release|Any CPU.Build.0 = Release|Any CPU
		{600406AE-1762-4384-8492-B8502C1FBDE8}.Debug|Any CPU.ActiveCfg = Debug|Any CPU
		{600406AE-1762-4384-8492-B8502C1FBDE8}.Debug|Any CPU.Build.0 = Debug|Any CPU
		{600406AE-1762-4384-8492-B8502C1FBDE8}.Release|Any CPU.ActiveCfg = Release|Any CPU
		{600406AE-1762-4384-8492-B8502C1FBDE8}.Release|Any CPU.Build.0 = Release|Any CPU
		{53D50BCD-4EC3-45AA-A21A-01504A0561C1}.Debug|Any CPU.ActiveCfg = Debug|Any CPU
		{53D50BCD-4EC3-45AA-A21A-01504A0561C1}.Debug|Any CPU.Build.0 = Debug|Any CPU
		{53D50BCD-4EC3-45AA-A21A-01504A0561C1}.Release|Any CPU.ActiveCfg = Release|Any CPU
		{53D50BCD-4EC3-45AA-A21A-01504A0561C1}.Release|Any CPU.Build.0 = Release|Any CPU
		{78EA6389-406D-4117-8C18-50BB21837AEA}.Debug|Any CPU.ActiveCfg = Debug|Any CPU
		{78EA6389-406D-4117-8C18-50BB21837AEA}.Debug|Any CPU.Build.0 = Debug|Any CPU
		{78EA6389-406D-4117-8C18-50BB21837AEA}.Release|Any CPU.ActiveCfg = Release|Any CPU
		{78EA6389-406D-4117-8C18-50BB21837AEA}.Release|Any CPU.Build.0 = Release|Any CPU
		{E4081440-5FEE-4322-BA25-B35E9DD6EFC6}.Debug|Any CPU.ActiveCfg = Debug|Any CPU
		{E4081440-5FEE-4322-BA25-B35E9DD6EFC6}.Debug|Any CPU.Build.0 = Debug|Any CPU
		{E4081440-5FEE-4322-BA25-B35E9DD6EFC6}.Release|Any CPU.ActiveCfg = Release|Any CPU
		{E4081440-5FEE-4322-BA25-B35E9DD6EFC6}.Release|Any CPU.Build.0 = Release|Any CPU
		{95B44DEB-965D-4FB2-A730-5C1AE2D90E3A}.Debug|Any CPU.ActiveCfg = Debug|Any CPU
		{95B44DEB-965D-4FB2-A730-5C1AE2D90E3A}.Debug|Any CPU.Build.0 = Debug|Any CPU
		{95B44DEB-965D-4FB2-A730-5C1AE2D90E3A}.Release|Any CPU.ActiveCfg = Release|Any CPU
		{95B44DEB-965D-4FB2-A730-5C1AE2D90E3A}.Release|Any CPU.Build.0 = Release|Any CPU
		{D4545D06-00A3-4044-B0DA-4A29B0683EDE}.Debug|Any CPU.ActiveCfg = Debug|Any CPU
		{D4545D06-00A3-4044-B0DA-4A29B0683EDE}.Debug|Any CPU.Build.0 = Debug|Any CPU
		{D4545D06-00A3-4044-B0DA-4A29B0683EDE}.Release|Any CPU.ActiveCfg = Release|Any CPU
		{D4545D06-00A3-4044-B0DA-4A29B0683EDE}.Release|Any CPU.Build.0 = Release|Any CPU
		{6E235595-5755-4AAC-8CD5-9CFA77F5B864}.Debug|Any CPU.ActiveCfg = Debug|Any CPU
		{6E235595-5755-4AAC-8CD5-9CFA77F5B864}.Debug|Any CPU.Build.0 = Debug|Any CPU
		{6E235595-5755-4AAC-8CD5-9CFA77F5B864}.Release|Any CPU.ActiveCfg = Release|Any CPU
		{6E235595-5755-4AAC-8CD5-9CFA77F5B864}.Release|Any CPU.Build.0 = Release|Any CPU
		{3EACD3E0-4F57-4686-820D-509986A79A36}.Debug|Any CPU.ActiveCfg = Debug|Any CPU
		{3EACD3E0-4F57-4686-820D-509986A79A36}.Debug|Any CPU.Build.0 = Debug|Any CPU
		{3EACD3E0-4F57-4686-820D-509986A79A36}.Release|Any CPU.ActiveCfg = Release|Any CPU
		{3EACD3E0-4F57-4686-820D-509986A79A36}.Release|Any CPU.Build.0 = Release|Any CPU
		{A6311496-C3FC-4302-A17E-E79588B761C5}.Debug|Any CPU.ActiveCfg = Debug|Any CPU
		{A6311496-C3FC-4302-A17E-E79588B761C5}.Debug|Any CPU.Build.0 = Debug|Any CPU
		{A6311496-C3FC-4302-A17E-E79588B761C5}.Release|Any CPU.ActiveCfg = Release|Any CPU
		{A6311496-C3FC-4302-A17E-E79588B761C5}.Release|Any CPU.Build.0 = Release|Any CPU
		{D2F2CCF7-1DF8-4103-A865-C66EBA7D9BDE}.Debug|Any CPU.ActiveCfg = Debug|Any CPU
		{D2F2CCF7-1DF8-4103-A865-C66EBA7D9BDE}.Debug|Any CPU.Build.0 = Debug|Any CPU
		{D2F2CCF7-1DF8-4103-A865-C66EBA7D9BDE}.Release|Any CPU.ActiveCfg = Release|Any CPU
		{D2F2CCF7-1DF8-4103-A865-C66EBA7D9BDE}.Release|Any CPU.Build.0 = Release|Any CPU
		{C3D17876-7734-4564-9E7F-6445EFBB9F84}.Debug|Any CPU.ActiveCfg = Debug|Any CPU
		{C3D17876-7734-4564-9E7F-6445EFBB9F84}.Debug|Any CPU.Build.0 = Debug|Any CPU
		{C3D17876-7734-4564-9E7F-6445EFBB9F84}.Release|Any CPU.ActiveCfg = Release|Any CPU
		{C3D17876-7734-4564-9E7F-6445EFBB9F84}.Release|Any CPU.Build.0 = Release|Any CPU
	EndGlobalSection
	GlobalSection(SolutionProperties) = preSolution
		HideSolutionNode = FALSE
	EndGlobalSection
	GlobalSection(NestedProjects) = preSolution
		{84981ED9-7081-40AB-B43D-9F7E9D65A643} = {1D7D00BE-7512-42A5-B97E-2EBD7E954074}
		{7DF4D0F8-C361-4E06-A228-74075B93AD47} = {1D7D00BE-7512-42A5-B97E-2EBD7E954074}
		{05268D44-350B-4592-833A-973C1C2386F9} = {1D7D00BE-7512-42A5-B97E-2EBD7E954074}
		{7CABE07E-DC65-4C36-8FE4-13538FF4AB98} = {90EA2845-70C2-446F-B2DB-87480E228F8B}
		{EC8CD34A-79E1-4B21-9927-24E724C967B1} = {23C733B1-D4A8-4E94-BFD5-A5353D45F53B}
		{9975DB1E-5ECA-4FF5-8295-BB7742D095F5} = {23C733B1-D4A8-4E94-BFD5-A5353D45F53B}
		{1A363826-FC89-4E7D-82FF-1ECC2FD9AD05} = {23C733B1-D4A8-4E94-BFD5-A5353D45F53B}
		{600406AE-1762-4384-8492-B8502C1FBDE8} = {23C733B1-D4A8-4E94-BFD5-A5353D45F53B}
		{53D50BCD-4EC3-45AA-A21A-01504A0561C1} = {23C733B1-D4A8-4E94-BFD5-A5353D45F53B}
		{78EA6389-406D-4117-8C18-50BB21837AEA} = {D9D22843-36C0-41D4-BAC9-E54D4B3313BC}
		{E4081440-5FEE-4322-BA25-B35E9DD6EFC6} = {D9D22843-36C0-41D4-BAC9-E54D4B3313BC}
		{95B44DEB-965D-4FB2-A730-5C1AE2D90E3A} = {D9D22843-36C0-41D4-BAC9-E54D4B3313BC}
		{D4545D06-00A3-4044-B0DA-4A29B0683EDE} = {D9D22843-36C0-41D4-BAC9-E54D4B3313BC}
		{1D7D00BE-7512-42A5-B97E-2EBD7E954074} = {595B9EF3-A817-462B-A0A1-56C641ACDBD4}
		{90EA2845-70C2-446F-B2DB-87480E228F8B} = {595B9EF3-A817-462B-A0A1-56C641ACDBD4}
		{23C733B1-D4A8-4E94-BFD5-A5353D45F53B} = {6FA9E4D4-22B5-4187-AF3E-4393CB4A0D80}
		{D9D22843-36C0-41D4-BAC9-E54D4B3313BC} = {6FA9E4D4-22B5-4187-AF3E-4393CB4A0D80}
		{1105E068-5F2E-4B37-92BF-4EFA6341BE88} = {87CE323B-E7FB-496C-9209-53DE3BE44561}
		{6E235595-5755-4AAC-8CD5-9CFA77F5B864} = {1105E068-5F2E-4B37-92BF-4EFA6341BE88}
		{3EACD3E0-4F57-4686-820D-509986A79A36} = {1105E068-5F2E-4B37-92BF-4EFA6341BE88}
		{A6311496-C3FC-4302-A17E-E79588B761C5} = {1105E068-5F2E-4B37-92BF-4EFA6341BE88}
		{D2F2CCF7-1DF8-4103-A865-C66EBA7D9BDE} = {1105E068-5F2E-4B37-92BF-4EFA6341BE88}
		{C3D17876-7734-4564-9E7F-6445EFBB9F84} = {1105E068-5F2E-4B37-92BF-4EFA6341BE88}
	EndGlobalSection
	GlobalSection(ExtensibilityGlobals) = postSolution
		SolutionGuid = {B83E8FED-24CE-4DE5-B03C-F395A80F3A22}
	EndGlobalSection
EndGlobal
